{
    "_readme": [
        "This file locks the dependencies of your project to a known state",
        "Read more about it at https://getcomposer.org/doc/01-basic-usage.md#installing-dependencies",
        "This file is @generated automatically"
    ],
    "content-hash": "c98f5ca0eab282cc03eb1a63bf0ebb7e",
    "packages": [
        {
            "name": "mmdm/sim-crypt",
            "version": "v1.0.1",
            "source": {
                "type": "git",
                "url": "https://github.com/mmdm95/sim-crypt.git",
                "reference": "7146a94e9e1e1fd558f3ca1cab50e31a18ec4ee5"
            },
            "dist": {
                "type": "zip",
                "url": "https://api.github.com/repos/mmdm95/sim-crypt/zipball/7146a94e9e1e1fd558f3ca1cab50e31a18ec4ee5",
                "reference": "7146a94e9e1e1fd558f3ca1cab50e31a18ec4ee5",
                "shasum": ""
            },
            "require": {
                "ext-openssl": "*",
                "php": ">=7.2"
            },
            "type": "library",
            "autoload": {
                "psr-4": {
                    "Sim\\Crypt\\": "src/"
                }
            },
            "notification-url": "https://packagist.org/downloads/",
            "license": [
                "MIT"
            ],
            "authors": [
                {
                    "name": "MMDM",
                    "email": "mmdehghan95@gmail.com"
                }
            ],
            "description": "A simple yet nice encryption/decryption library",
            "time": "2020-10-05T22:15:19+00:00"
        }
    ],
    "packages-dev": [],
    "aliases": [],
    "minimum-stability": "stable",
    "stability-flags": [],
    "prefer-stable": false,
    "prefer-lowest": false,
    "platform": {
        "php": ">=7.2",
        "ext-json": "*"
    },
    "platform-dev": [],
    "plugin-api-version": "1.1.0"
}
